// !$*UTF8*$!
{
	archiveVersion = 1;
	classes = {
	};
	objectVersion = 46;
	objects = {

/* Begin PBXBuildFile section */
		AA7298EE1EB01A3B0042F4C7 /* main.cpp in Sources */ = {isa = PBXBuildFile; fileRef = AA7298ED1EB01A3B0042F4C7 /* main.cpp */; };
		AA7298F61EB02C180042F4C7 /* Image.cpp in Sources */ = {isa = PBXBuildFile; fileRef = AA7298F41EB02C180042F4C7 /* Image.cpp */; };
		AA7298F91EB54F390042F4C7 /* Blob.cpp in Sources */ = {isa = PBXBuildFile; fileRef = AA7298F71EB54F390042F4C7 /* Blob.cpp */; };
/* End PBXBuildFile section */

/* Begin PBXCopyFilesBuildPhase section */
		AA7298E81EB01A3B0042F4C7 /* CopyFiles */ = {
			isa = PBXCopyFilesBuildPhase;
			buildActionMask = 2147483647;
			dstPath = /usr/share/man/man1/;
			dstSubfolderSpec = 0;
			files = (
			);
			runOnlyForDeploymentPostprocessing = 1;
		};
/* End PBXCopyFilesBuildPhase section */

/* Begin PBXFileReference section */
		AA7298EA1EB01A3B0042F4C7 /* imageSub */ = {isa = PBXFileReference; explicitFileType = "compiled.mach-o.executable"; includeInIndex = 0; path = imageSub; sourceTree = BUILT_PRODUCTS_DIR; };
		AA7298ED1EB01A3B0042F4C7 /* main.cpp */ = {isa = PBXFileReference; lastKnownFileType = sourcecode.cpp.cpp; path = main.cpp; sourceTree = "<group>"; };
		AA7298F41EB02C180042F4C7 /* Image.cpp */ = {isa = PBXFileReference; fileEncoding = 4; lastKnownFileType = sourcecode.cpp.cpp; path = Image.cpp; sourceTree = "<group>"; };
		AA7298F51EB02C180042F4C7 /* Image.hpp */ = {isa = PBXFileReference; fileEncoding = 4; lastKnownFileType = sourcecode.cpp.h; path = Image.hpp; sourceTree = "<group>"; };
		AA7298F71EB54F390042F4C7 /* Blob.cpp */ = {isa = PBXFileReference; fileEncoding = 4; lastKnownFileType = sourcecode.cpp.cpp; path = Blob.cpp; sourceTree = "<group>"; };
		AA7298F81EB54F390042F4C7 /* Blob.hpp */ = {isa = PBXFileReference; fileEncoding = 4; lastKnownFileType = sourcecode.cpp.h; path = Blob.hpp; sourceTree = "<group>"; };
/* End PBXFileReference section */

/* Begin PBXFrameworksBuildPhase section */
		AA7298E71EB01A3B0042F4C7 /* Frameworks */ = {
			isa = PBXFrameworksBuildPhase;
			buildActionMask = 2147483647;
			files = (
			);
			runOnlyForDeploymentPostprocessing = 0;
		};
/* End PBXFrameworksBuildPhase section */

/* Begin PBXGroup section */
		AA7298E11EB01A3B0042F4C7 = {
			isa = PBXGroup;
			children = (
				AA7298EC1EB01A3B0042F4C7 /* imageSub */,
				AA7298EB1EB01A3B0042F4C7 /* Products */,
			);
			sourceTree = "<group>";
		};
		AA7298EB1EB01A3B0042F4C7 /* Products */ = {
			isa = PBXGroup;
			children = (
				AA7298EA1EB01A3B0042F4C7 /* imageSub */,
			);
			name = Products;
			sourceTree = "<group>";
		};
		AA7298EC1EB01A3B0042F4C7 /* imageSub */ = {
			isa = PBXGroup;
			children = (
				AA7298ED1EB01A3B0042F4C7 /* main.cpp */,
				AA7298F41EB02C180042F4C7 /* Image.cpp */,
				AA7298F51EB02C180042F4C7 /* Image.hpp */,
				AA7298F71EB54F390042F4C7 /* Blob.cpp */,
				AA7298F81EB54F390042F4C7 /* Blob.hpp */,
			);
			path = imageSub;
			sourceTree = "<group>";
		};
/* End PBXGroup section */

/* Begin PBXNativeTarget section */
		AA7298E91EB01A3B0042F4C7 /* imageSub */ = {
			isa = PBXNativeTarget;
			buildConfigurationList = AA7298F11EB01A3B0042F4C7 /* Build configuration list for PBXNativeTarget "imageSub" */;
			buildPhases = (
				AA7298E61EB01A3B0042F4C7 /* Sources */,
				AA7298E71EB01A3B0042F4C7 /* Frameworks */,
				AA7298E81EB01A3B0042F4C7 /* CopyFiles */,
			);
			buildRules = (
			);
			dependencies = (
			);
			name = imageSub;
			productName = imageSub;
			productReference = AA7298EA1EB01A3B0042F4C7 /* imageSub */;
			productType = "com.apple.product-type.tool";
		};
/* End PBXNativeTarget section */

/* Begin PBXProject section */
		AA7298E21EB01A3B0042F4C7 /* Project object */ = {
			isa = PBXProject;
			attributes = {
				LastUpgradeCheck = 0830;
				ORGANIZATIONNAME = icbrahimc;
				TargetAttributes = {
					AA7298E91EB01A3B0042F4C7 = {
						CreatedOnToolsVersion = 8.3.1;
						ProvisioningStyle = Automatic;
					};
				};
			};
			buildConfigurationList = AA7298E51EB01A3B0042F4C7 /* Build configuration list for PBXProject "imageSub" */;
			compatibilityVersion = "Xcode 3.2";
			developmentRegion = English;
			hasScannedForEncodings = 0;
			knownRegions = (
				en,
			);
			mainGroup = AA7298E11EB01A3B0042F4C7;
			productRefGroup = AA7298EB1EB01A3B0042F4C7 /* Products */;
			projectDirPath = "";
			projectRoot = "";
			targets = (
				AA7298E91EB01A3B0042F4C7 /* imageSub */,
			);
		};
/* End PBXProject section */

/* Begin PBXSourcesBuildPhase section */
		AA7298E61EB01A3B0042F4C7 /* Sources */ = {
			isa = PBXSourcesBuildPhase;
			buildActionMask = 2147483647;
			files = (
				AA7298F91EB54F390042F4C7 /* Blob.cpp in Sources */,
				AA7298EE1EB01A3B0042F4C7 /* main.cpp in Sources */,
				AA7298F61EB02C180042F4C7 /* Image.cpp in Sources */,
			);
			runOnlyForDeploymentPostprocessing = 0;
		};
/* End PBXSourcesBuildPhase section */

/* Begin XCBuildConfiguration section */
		AA7298EF1EB01A3B0042F4C7 /* Debug */ = {
			isa = XCBuildConfiguration;
			buildSettings = {
				ALWAYS_SEARCH_USER_PATHS = NO;
				CLANG_ANALYZER_NONNULL = YES;
				CLANG_ANALYZER_NUMBER_OBJECT_CONVERSION = YES_AGGRESSIVE;
				CLANG_CXX_LANGUAGE_STANDARD = "gnu++0x";
				CLANG_CXX_LIBRARY = "libc++";
				CLANG_ENABLE_MODULES = YES;
				CLANG_ENABLE_OBJC_ARC = YES;
				CLANG_WARN_BOOL_CONVERSION = YES;
				CLANG_WARN_CONSTANT_CONVERSION = YES;
				CLANG_WARN_DIRECT_OBJC_ISA_USAGE = YES_ERROR;
				CLANG_WARN_DOCUMENTATION_COMMENTS = YES;
				CLANG_WARN_EMPTY_BODY = YES;
				CLANG_WARN_ENUM_CONVERSION = YES;
				CLANG_WARN_INFINITE_RECURSION = YES;
				CLANG_WARN_INT_CONVERSION = YES;
				CLANG_WARN_OBJC_ROOT_CLASS = YES_ERROR;
				CLANG_WARN_SUSPICIOUS_MOVE = YES;
				CLANG_WARN_UNREACHABLE_CODE = YES;
				CLANG_WARN__DUPLICATE_METHOD_MATCH = YES;
				CODE_SIGN_IDENTITY = "-";
				COPY_PHASE_STRIP = NO;
				DEBUG_INFORMATION_FORMAT = dwarf;
				ENABLE_STRICT_OBJC_MSGSEND = YES;
				ENABLE_TESTABILITY = YES;
				GCC_C_LANGUAGE_STANDARD = gnu99;
				GCC_DYNAMIC_NO_PIC = NO;
				GCC_NO_COMMON_BLOCKS = YES;
				GCC_OPTIMIZATION_LEVEL = 0;
				GCC_PREPROCESSOR_DEFINITIONS = (
					"DEBUG=1",
					"$(inherited)",
				);
				GCC_WARN_64_TO_32_BIT_CONVERSION = YES;
				GCC_WARN_ABOUT_RETURN_TYPE = YES_ERROR;
				GCC_WARN_UNDECLARED_SELECTOR = YES;
				GCC_WARN_UNINITIALIZED_AUTOS = YES_AGGRESSIVE;
				GCC_WARN_UNUSED_FUNCTION = YES;
				GCC_WARN_UNUSED_VARIABLE = YES;
				MACOSX_DEPLOYMENT_TARGET = 10.12;
				MTL_ENABLE_DEBUG_INFO = YES;
				ONLY_ACTIVE_ARCH = YES;
				SDKROOT = macosx;
			};
			name = Debug;
		};
		AA7298F01EB01A3B0042F4C7 /* Release */ = {
			isa = XCBuildConfiguration;
			buildSettings = {
				ALWAYS_SEARCH_USER_PATHS = NO;
				CLANG_ANALYZER_NONNULL = YES;
				CLANG_ANALYZER_NUMBER_OBJECT_CONVERSION = YES_AGGRESSIVE;
				CLANG_CXX_LANGUAGE_STANDARD = "gnu++0x";
				CLANG_CXX_LIBRARY = "libc++";
				CLANG_ENABLE_MODULES = YES;
				CLANG_ENABLE_OBJC_ARC = YES;
				CLANG_WARN_BOOL_CONVERSION = YES;
				CLANG_WARN_CONSTANT_CONVERSION = YES;
				CLANG_WARN_DIRECT_OBJC_ISA_USAGE = YES_ERROR;
				CLANG_WARN_DOCUMENTATION_COMMENTS = YES;
				CLANG_WARN_EMPTY_BODY = YES;
				CLANG_WARN_ENUM_CONVERSION = YES;
				CLANG_WARN_INFINITE_RECURSION = YES;
				CLANG_WARN_INT_CONVERSION = YES;
				CLANG_WARN_OBJC_ROOT_CLASS = YES_ERROR;
				CLANG_WARN_SUSPICIOUS_MOVE = YES;
				CLANG_WARN_UNREACHABLE_CODE = YES;
				CLANG_WARN__DUPLICATE_METHOD_MATCH = YES;
				CODE_SIGN_IDENTITY = "-";
				COPY_PHASE_STRIP = NO;
				DEBUG_INFORMATION_FORMAT = "dwarf-with-dsym";
				ENABLE_NS_ASSERTIONS = NO;
				ENABLE_STRICT_OBJC_MSGSEND = YES;
				GCC_C_LANGUAGE_STANDARD = gnu99;
				GCC_NO_COMMON_BLOCKS = YES;
				GCC_WARN_64_TO_32_BIT_CONVERSION = YES;
				GCC_WARN_ABOUT_RETURN_TYPE = YES_ERROR;
				GCC_WARN_UNDECLARED_SELECTOR = YES;
				GCC_WARN_UNINITIALIZED_AUTOS = YES_AGGRESSIVE;
				GCC_WARN_UNUSED_FUNCTION = YES;
				GCC_WARN_UNUSED_VARIABLE = YES;
				MACOSX_DEPLOYMENT_TARGET = 10.12;
				MTL_ENABLE_DEBUG_INFO = NO;
				SDKROOT = macosx;
			};
			name = Release;
		};
		AA7298F21EB01A3B0042F4C7 /* Debug */ = {
			isa = XCBuildConfiguration;
			buildSettings = {
				PRODUCT_NAME = "$(TARGET_NAME)";
			};
			name = Debug;
		};
		AA7298F31EB01A3B0042F4C7 /* Release */ = {
			isa = XCBuildConfiguration;
			buildSettings = {
				PRODUCT_NAME = "$(TARGET_NAME)";
			};
			name = Release;
		};
/* End XCBuildConfiguration section */

/* Begin XCConfigurationList section */
		AA7298E51EB01A3B0042F4C7 /* Build configuration list for PBXProject "imageSub" */ = {
			isa = XCConfigurationList;
			buildConfigurations = (
				AA7298EF1EB01A3B0042F4C7 /* Debug */,
				AA7298F01EB01A3B0042F4C7 /* Release */,
			);
			defaultConfigurationIsVisible = 0;
			defaultConfigurationName = Release;
		};
		AA7298F11EB01A3B0042F4C7 /* Build configuration list for PBXNativeTarget "imageSub" */ = {
			isa = XCConfigurationList;
			buildConfigurations = (
				AA7298F21EB01A3B0042F4C7 /* Debug */,
				AA7298F31EB01A3B0042F4C7 /* Release */,
			);
			defaultConfigurationIsVisible = 0;
		};
/* End XCConfigurationList section */
	};
	rootObject = AA7298E21EB01A3B0042F4C7 /* Project object */;
}
